
Microsoft Visual Studio Solution File, Format Version 12.00
# Visual Studio 14
VisualStudioVersion = 14.0.23107.0
MinimumVisualStudioVersion = 10.0.40219.1
Project("{2150E333-8FDC-42A3-9474-1A3956D46DE8}") = "Web", "Web", "{4A3F374D-F374-4157-8988-860B4DA07241}"
EndProject
Project("{FAE04EC0-301F-11D3-BF4B-00C04F79EFBC}") = "PcdWeb.Core", "Web\PcdWeb.Core\PcdWeb.Core.csproj", "{17298EA0-AF73-4F30-B6F1-2066100D7D74}"
EndProject
Project("{FAE04EC0-301F-11D3-BF4B-00C04F79EFBC}") = "PcdWeb.WebApi", "Web\PcdWeb.WebApi\PcdWeb.WebApi.csproj", "{5EB52D3D-09FD-463A-B02A-8D9856BD3724}"
EndProject
Project("{FAE04EC0-301F-11D3-BF4B-00C04F79EFBC}") = "PcdWeb.Web", "Web\PcdWeb.Web\PcdWeb.Web.csproj", "{E3DBB7F7-406D-4AE6-AD0A-59BF69DF536F}"
	ProjectSection(ProjectDependencies) = postProject
		{5EB52D3D-09FD-463A-B02A-8D9856BD3724} = {5EB52D3D-09FD-463A-B02A-8D9856BD3724}
	EndProjectSection
EndProject
Global
	GlobalSection(SolutionConfigurationPlatforms) = preSolution
		CD_ROM|Any CPU = CD_ROM|Any CPU
		Debug|Any CPU = Debug|Any CPU
		DVD-5|Any CPU = DVD-5|Any CPU
		Release|Any CPU = Release|Any CPU
		SingleImage|Any CPU = SingleImage|Any CPU
	EndGlobalSection
	GlobalSection(ProjectConfigurationPlatforms) = postSolution
		{17298EA0-AF73-4F30-B6F1-2066100D7D74}.CD_ROM|Any CPU.ActiveCfg = Release|Any CPU
		{17298EA0-AF73-4F30-B6F1-2066100D7D74}.CD_ROM|Any CPU.Build.0 = Release|Any CPU
		{17298EA0-AF73-4F30-B6F1-2066100D7D74}.Debug|Any CPU.ActiveCfg = Debug|Any CPU
		{17298EA0-AF73-4F30-B6F1-2066100D7D74}.Debug|Any CPU.Build.0 = Debug|Any CPU
		{17298EA0-AF73-4F30-B6F1-2066100D7D74}.DVD-5|Any CPU.ActiveCfg = Debug|Any CPU
		{17298EA0-AF73-4F30-B6F1-2066100D7D74}.DVD-5|Any CPU.Build.0 = Debug|Any CPU
		{17298EA0-AF73-4F30-B6F1-2066100D7D74}.Release|Any CPU.ActiveCfg = Release|Any CPU
		{17298EA0-AF73-4F30-B6F1-2066100D7D74}.Release|Any CPU.Build.0 = Release|Any CPU
		{17298EA0-AF73-4F30-B6F1-2066100D7D74}.SingleImage|Any CPU.ActiveCfg = Release|Any CPU
		{17298EA0-AF73-4F30-B6F1-2066100D7D74}.SingleImage|Any CPU.Build.0 = Release|Any CPU
		{5EB52D3D-09FD-463A-B02A-8D9856BD3724}.CD_ROM|Any CPU.ActiveCfg = Release|Any CPU
		{5EB52D3D-09FD-463A-B02A-8D9856BD3724}.CD_ROM|Any CPU.Build.0 = Release|Any CPU
		{5EB52D3D-09FD-463A-B02A-8D9856BD3724}.Debug|Any CPU.ActiveCfg = Debug|Any CPU
		{5EB52D3D-09FD-463A-B02A-8D9856BD3724}.Debug|Any CPU.Build.0 = Debug|Any CPU
		{5EB52D3D-09FD-463A-B02A-8D9856BD3724}.DVD-5|Any CPU.ActiveCfg = Debug|Any CPU
		{5EB52D3D-09FD-463A-B02A-8D9856BD3724}.DVD-5|Any CPU.Build.0 = Debug|Any CPU
		{5EB52D3D-09FD-463A-B02A-8D9856BD3724}.Release|Any CPU.ActiveCfg = Release|Any CPU
		{5EB52D3D-09FD-463A-B02A-8D9856BD3724}.Release|Any CPU.Build.0 = Release|Any CPU
		{5EB52D3D-09FD-463A-B02A-8D9856BD3724}.SingleImage|Any CPU.ActiveCfg = Release|Any CPU
		{5EB52D3D-09FD-463A-B02A-8D9856BD3724}.SingleImage|Any CPU.Build.0 = Release|Any CPU
		{E3DBB7F7-406D-4AE6-AD0A-59BF69DF536F}.CD_ROM|Any CPU.ActiveCfg = Release|Any CPU
		{E3DBB7F7-406D-4AE6-AD0A-59BF69DF536F}.CD_ROM|Any CPU.Build.0 = Release|Any CPU
		{E3DBB7F7-406D-4AE6-AD0A-59BF69DF536F}.Debug|Any CPU.ActiveCfg = Debug|Any CPU
		{E3DBB7F7-406D-4AE6-AD0A-59BF69DF536F}.Debug|Any CPU.Build.0 = Debug|Any CPU
		{E3DBB7F7-406D-4AE6-AD0A-59BF69DF536F}.DVD-5|Any CPU.ActiveCfg = Debug|Any CPU
		{E3DBB7F7-406D-4AE6-AD0A-59BF69DF536F}.DVD-5|Any CPU.Build.0 = Debug|Any CPU
		{E3DBB7F7-406D-4AE6-AD0A-59BF69DF536F}.Release|Any CPU.ActiveCfg = Release|Any CPU
		{E3DBB7F7-406D-4AE6-AD0A-59BF69DF536F}.Release|Any CPU.Build.0 = Release|Any CPU
		{E3DBB7F7-406D-4AE6-AD0A-59BF69DF536F}.SingleImage|Any CPU.ActiveCfg = Release|Any CPU
		{E3DBB7F7-406D-4AE6-AD0A-59BF69DF536F}.SingleImage|Any CPU.Build.0 = Release|Any CPU
	EndGlobalSection
	GlobalSection(SolutionProperties) = preSolution
		HideSolutionNode = FALSE
	EndGlobalSection
	GlobalSection(NestedProjects) = preSolution
		{17298EA0-AF73-4F30-B6F1-2066100D7D74} = {4A3F374D-F374-4157-8988-860B4DA07241}
		{5EB52D3D-09FD-463A-B02A-8D9856BD3724} = {4A3F374D-F374-4157-8988-860B4DA07241}
		{E3DBB7F7-406D-4AE6-AD0A-59BF69DF536F} = {4A3F374D-F374-4157-8988-860B4DA07241}
	EndGlobalSection
EndGlobal
