
Microsoft Visual Studio Solution File, Format Version 12.00
# Visual Studio 14
VisualStudioVersion = 14.0.23107.0
MinimumVisualStudioVersion = 10.0.40219.1
Project("{2150E333-8FDC-42A3-9474-1A3956D46DE8}") = "DesktopClient", "DesktopClient", "{E80B7813-1537-4E92-856F-5B7DF722D0E6}"
EndProject
Project("{FAE04EC0-301F-11D3-BF4B-00C04F79EFBC}") = "RocketPos.Common", "POS\DesktopClient\RocketPos.Common\RocketPos.Common.csproj", "{732B3834-F3A3-498F-B4DF-C42229FCAA71}"
EndProject
Project("{2150E333-8FDC-42A3-9474-1A3956D46DE8}") = "POS", "POS", "{84E90400-93CC-4F48-A2FB-3094994F9D01}"
EndProject
Global
	GlobalSection(SolutionConfigurationPlatforms) = preSolution
		CD_ROM|Any CPU = CD_ROM|Any CPU
		Debug|Any CPU = Debug|Any CPU
		DVD-5|Any CPU = DVD-5|Any CPU
		Release|Any CPU = Release|Any CPU
		SingleImage|Any CPU = SingleImage|Any CPU
	EndGlobalSection
	GlobalSection(ProjectConfigurationPlatforms) = postSolution
		{732B3834-F3A3-498F-B4DF-C42229FCAA71}.CD_ROM|Any CPU.ActiveCfg = Release|Any CPU
		{732B3834-F3A3-498F-B4DF-C42229FCAA71}.CD_ROM|Any CPU.Build.0 = Release|Any CPU
		{732B3834-F3A3-498F-B4DF-C42229FCAA71}.Debug|Any CPU.ActiveCfg = Debug|Any CPU
		{732B3834-F3A3-498F-B4DF-C42229FCAA71}.Debug|Any CPU.Build.0 = Debug|Any CPU
		{732B3834-F3A3-498F-B4DF-C42229FCAA71}.DVD-5|Any CPU.ActiveCfg = Debug|Any CPU
		{732B3834-F3A3-498F-B4DF-C42229FCAA71}.DVD-5|Any CPU.Build.0 = Debug|Any CPU
		{732B3834-F3A3-498F-B4DF-C42229FCAA71}.Release|Any CPU.ActiveCfg = Release|Any CPU
		{732B3834-F3A3-498F-B4DF-C42229FCAA71}.Release|Any CPU.Build.0 = Release|Any CPU
		{732B3834-F3A3-498F-B4DF-C42229FCAA71}.SingleImage|Any CPU.ActiveCfg = Release|Any CPU
		{732B3834-F3A3-498F-B4DF-C42229FCAA71}.SingleImage|Any CPU.Build.0 = Release|Any CPU
	EndGlobalSection
	GlobalSection(SolutionProperties) = preSolution
		HideSolutionNode = FALSE
	EndGlobalSection
	GlobalSection(NestedProjects) = preSolution
		{E80B7813-1537-4E92-856F-5B7DF722D0E6} = {84E90400-93CC-4F48-A2FB-3094994F9D01}
		{732B3834-F3A3-498F-B4DF-C42229FCAA71} = {E80B7813-1537-4E92-856F-5B7DF722D0E6}
	EndGlobalSection
EndGlobal
