
Microsoft Visual Studio Solution File, Format Version 12.00
# Visual Studio 2013
VisualStudioVersion = 12.0.31101.0
MinimumVisualStudioVersion = 10.0.40219.1
Project("{2150E333-8FDC-42A3-9474-1A3956D46DE8}") = "DesktopClient", "DesktopClient", "{E80B7813-1537-4E92-856F-5B7DF722D0E6}"
EndProject
Project("{FAE04EC0-301F-11D3-BF4B-00C04F79EFBC}") = "RocketPos.POS", "POS\DesktopClient\RocketPos.POS\RocketPos.POS.csproj", "{F42F90FE-45C7-451D-9E88-FBF53DF7ADA0}"
	ProjectSection(ProjectDependencies) = postProject
		{308C26DC-2F9E-47E9-8A60-9D3FE132D67F} = {308C26DC-2F9E-47E9-8A60-9D3FE132D67F}
	EndProjectSection
EndProject
Project("{FAE04EC0-301F-11D3-BF4B-00C04F79EFBC}") = "RocketPos.Inventory", "POS\DesktopClient\RocketPos.Inventory\RocketPos.Inventory.csproj", "{93C957CB-D9BF-4AF9-98F0-CA4FC91C2DA3}"
	ProjectSection(ProjectDependencies) = postProject
		{308C26DC-2F9E-47E9-8A60-9D3FE132D67F} = {308C26DC-2F9E-47E9-8A60-9D3FE132D67F}
	EndProjectSection
EndProject
Project("{FAE04EC0-301F-11D3-BF4B-00C04F79EFBC}") = "RocketPos.Common", "POS\DesktopClient\RocketPos.Common\RocketPos.Common.csproj", "{732B3834-F3A3-498F-B4DF-C42229FCAA71}"
	ProjectSection(ProjectDependencies) = postProject
		{308C26DC-2F9E-47E9-8A60-9D3FE132D67F} = {308C26DC-2F9E-47E9-8A60-9D3FE132D67F}
	EndProjectSection
EndProject
Project("{FAE04EC0-301F-11D3-BF4B-00C04F79EFBC}") = "RocketPOS", "POS\DesktopClient\RocketPOS\RocketPOS.csproj", "{15F78207-1C4E-4742-A5E2-5D1E65C0D145}"
EndProject
Project("{2150E333-8FDC-42A3-9474-1A3956D46DE8}") = "POS", "POS", "{84E90400-93CC-4F48-A2FB-3094994F9D01}"
EndProject
Project("{6141683F-8A12-4E36-9623-2EB02B2C2303}") = "RocketPosInstaller", "POS\RocketPosInstaller\RocketPosInstaller.isproj", "{70696172-7A89-4751-827A-7EB5E23178B6}"
EndProject
Project("{2150E333-8FDC-42A3-9474-1A3956D46DE8}") = "Web", "Web", "{4A3F374D-F374-4157-8988-860B4DA07241}"
EndProject
Project("{FAE04EC0-301F-11D3-BF4B-00C04F79EFBC}") = "PcdWeb.Core", "Web\PcdWeb.Core\PcdWeb.Core.csproj", "{17298EA0-AF73-4F30-B6F1-2066100D7D74}"
EndProject
Project("{FAE04EC0-301F-11D3-BF4B-00C04F79EFBC}") = "PcdWeb.WebApi", "Web\PcdWeb.WebApi\PcdWeb.WebApi.csproj", "{5EB52D3D-09FD-463A-B02A-8D9856BD3724}"
EndProject
Project("{FAE04EC0-301F-11D3-BF4B-00C04F79EFBC}") = "PcdWeb.Web", "Web\PcdWeb.Web\PcdWeb.Web.csproj", "{E3DBB7F7-406D-4AE6-AD0A-59BF69DF536F}"
EndProject
Project("{2150E333-8FDC-42A3-9474-1A3956D46DE8}") = "DataModel", "DataModel", "{BCAB0934-9910-44ED-B3D5-5062526C1C6C}"
EndProject
Project("{FAE04EC0-301F-11D3-BF4B-00C04F79EFBC}") = "DataModel.Data", "DataModel\DataModel.Data\DataModel.Data.csproj", "{308C26DC-2F9E-47E9-8A60-9D3FE132D67F}"
EndProject
Project("{2150E333-8FDC-42A3-9474-1A3956D46DE8}") = "Tests", "Tests", "{7C44FA92-472E-457B-9BA3-7AF21EEFFF92}"
EndProject
Project("{FAE04EC0-301F-11D3-BF4B-00C04F79EFBC}") = "Pcd.Tests.CommonTests", "Tests\Pcd.Tests\Pcd.Tests.CommonTests\Pcd.Tests.CommonTests.csproj", "{A1AB4C91-08D2-430D-ADB0-3CBC28454303}"
EndProject
Project("{FAE04EC0-301F-11D3-BF4B-00C04F79EFBC}") = "Pcd.Tests.DataTests", "Tests\Pcd.Tests\Pcd.Tests.DataTests\Pcd.Tests.DataTests.csproj", "{D988AD75-30E5-4CAE-AE31-534B2E4B3E65}"
EndProject
Project("{FAE04EC0-301F-11D3-BF4B-00C04F79EFBC}") = "Pcd.Tests.InvTests", "Tests\Pcd.Tests\Pcd.Tests.InvTests\Pcd.Tests.InvTests.csproj", "{C8964E98-8ADD-4A67-9744-E8F9C13F9102}"
EndProject
Project("{2150E333-8FDC-42A3-9474-1A3956D46DE8}") = "Common", "Common", "{8BB5FE00-D180-460A-BE95-6F05DA987ECB}"
EndProject
Project("{FAE04EC0-301F-11D3-BF4B-00C04F79EFBC}") = "Common", "Common\Common.csproj", "{D30D964B-3A26-445D-80F2-D94BD4C60F3D}"
EndProject
Global
	GlobalSection(SolutionConfigurationPlatforms) = preSolution
		CD_ROM|Any CPU = CD_ROM|Any CPU
		Debug|Any CPU = Debug|Any CPU
		DVD-5|Any CPU = DVD-5|Any CPU
		Release|Any CPU = Release|Any CPU
		SingleImage|Any CPU = SingleImage|Any CPU
	EndGlobalSection
	GlobalSection(ProjectConfigurationPlatforms) = postSolution
		{F42F90FE-45C7-451D-9E88-FBF53DF7ADA0}.CD_ROM|Any CPU.ActiveCfg = Release|Any CPU
		{F42F90FE-45C7-451D-9E88-FBF53DF7ADA0}.CD_ROM|Any CPU.Build.0 = Release|Any CPU
		{F42F90FE-45C7-451D-9E88-FBF53DF7ADA0}.Debug|Any CPU.ActiveCfg = Debug|Any CPU
		{F42F90FE-45C7-451D-9E88-FBF53DF7ADA0}.Debug|Any CPU.Build.0 = Debug|Any CPU
		{F42F90FE-45C7-451D-9E88-FBF53DF7ADA0}.DVD-5|Any CPU.ActiveCfg = Debug|Any CPU
		{F42F90FE-45C7-451D-9E88-FBF53DF7ADA0}.DVD-5|Any CPU.Build.0 = Debug|Any CPU
		{F42F90FE-45C7-451D-9E88-FBF53DF7ADA0}.Release|Any CPU.ActiveCfg = Release|Any CPU
		{F42F90FE-45C7-451D-9E88-FBF53DF7ADA0}.Release|Any CPU.Build.0 = Release|Any CPU
		{F42F90FE-45C7-451D-9E88-FBF53DF7ADA0}.SingleImage|Any CPU.ActiveCfg = Release|Any CPU
		{F42F90FE-45C7-451D-9E88-FBF53DF7ADA0}.SingleImage|Any CPU.Build.0 = Release|Any CPU
		{93C957CB-D9BF-4AF9-98F0-CA4FC91C2DA3}.CD_ROM|Any CPU.ActiveCfg = Release|Any CPU
		{93C957CB-D9BF-4AF9-98F0-CA4FC91C2DA3}.CD_ROM|Any CPU.Build.0 = Release|Any CPU
		{93C957CB-D9BF-4AF9-98F0-CA4FC91C2DA3}.Debug|Any CPU.ActiveCfg = Debug|Any CPU
		{93C957CB-D9BF-4AF9-98F0-CA4FC91C2DA3}.Debug|Any CPU.Build.0 = Debug|Any CPU
		{93C957CB-D9BF-4AF9-98F0-CA4FC91C2DA3}.DVD-5|Any CPU.ActiveCfg = Debug|Any CPU
		{93C957CB-D9BF-4AF9-98F0-CA4FC91C2DA3}.DVD-5|Any CPU.Build.0 = Debug|Any CPU
		{93C957CB-D9BF-4AF9-98F0-CA4FC91C2DA3}.Release|Any CPU.ActiveCfg = Release|Any CPU
		{93C957CB-D9BF-4AF9-98F0-CA4FC91C2DA3}.Release|Any CPU.Build.0 = Release|Any CPU
		{93C957CB-D9BF-4AF9-98F0-CA4FC91C2DA3}.SingleImage|Any CPU.ActiveCfg = Release|Any CPU
		{93C957CB-D9BF-4AF9-98F0-CA4FC91C2DA3}.SingleImage|Any CPU.Build.0 = Release|Any CPU
		{732B3834-F3A3-498F-B4DF-C42229FCAA71}.CD_ROM|Any CPU.ActiveCfg = Release|Any CPU
		{732B3834-F3A3-498F-B4DF-C42229FCAA71}.CD_ROM|Any CPU.Build.0 = Release|Any CPU
		{732B3834-F3A3-498F-B4DF-C42229FCAA71}.Debug|Any CPU.ActiveCfg = Debug|Any CPU
		{732B3834-F3A3-498F-B4DF-C42229FCAA71}.Debug|Any CPU.Build.0 = Debug|Any CPU
		{732B3834-F3A3-498F-B4DF-C42229FCAA71}.DVD-5|Any CPU.ActiveCfg = Debug|Any CPU
		{732B3834-F3A3-498F-B4DF-C42229FCAA71}.DVD-5|Any CPU.Build.0 = Debug|Any CPU
		{732B3834-F3A3-498F-B4DF-C42229FCAA71}.Release|Any CPU.ActiveCfg = Release|Any CPU
		{732B3834-F3A3-498F-B4DF-C42229FCAA71}.Release|Any CPU.Build.0 = Release|Any CPU
		{732B3834-F3A3-498F-B4DF-C42229FCAA71}.SingleImage|Any CPU.ActiveCfg = Release|Any CPU
		{732B3834-F3A3-498F-B4DF-C42229FCAA71}.SingleImage|Any CPU.Build.0 = Release|Any CPU
		{15F78207-1C4E-4742-A5E2-5D1E65C0D145}.CD_ROM|Any CPU.ActiveCfg = Release|Any CPU
		{15F78207-1C4E-4742-A5E2-5D1E65C0D145}.CD_ROM|Any CPU.Build.0 = Release|Any CPU
		{15F78207-1C4E-4742-A5E2-5D1E65C0D145}.Debug|Any CPU.ActiveCfg = Debug|Any CPU
		{15F78207-1C4E-4742-A5E2-5D1E65C0D145}.Debug|Any CPU.Build.0 = Debug|Any CPU
		{15F78207-1C4E-4742-A5E2-5D1E65C0D145}.DVD-5|Any CPU.ActiveCfg = Debug|Any CPU
		{15F78207-1C4E-4742-A5E2-5D1E65C0D145}.DVD-5|Any CPU.Build.0 = Debug|Any CPU
		{15F78207-1C4E-4742-A5E2-5D1E65C0D145}.Release|Any CPU.ActiveCfg = Release|Any CPU
		{15F78207-1C4E-4742-A5E2-5D1E65C0D145}.Release|Any CPU.Build.0 = Release|Any CPU
		{15F78207-1C4E-4742-A5E2-5D1E65C0D145}.SingleImage|Any CPU.ActiveCfg = Release|Any CPU
		{15F78207-1C4E-4742-A5E2-5D1E65C0D145}.SingleImage|Any CPU.Build.0 = Release|Any CPU
		{70696172-7A89-4751-827A-7EB5E23178B6}.CD_ROM|Any CPU.ActiveCfg = CD_ROM
		{70696172-7A89-4751-827A-7EB5E23178B6}.CD_ROM|Any CPU.Build.0 = CD_ROM
		{70696172-7A89-4751-827A-7EB5E23178B6}.Debug|Any CPU.ActiveCfg = DVD-5
		{70696172-7A89-4751-827A-7EB5E23178B6}.Debug|Any CPU.Build.0 = DVD-5
		{70696172-7A89-4751-827A-7EB5E23178B6}.DVD-5|Any CPU.ActiveCfg = DVD-5
		{70696172-7A89-4751-827A-7EB5E23178B6}.DVD-5|Any CPU.Build.0 = DVD-5
		{70696172-7A89-4751-827A-7EB5E23178B6}.Release|Any CPU.ActiveCfg = SingleImage
		{70696172-7A89-4751-827A-7EB5E23178B6}.Release|Any CPU.Build.0 = SingleImage
		{70696172-7A89-4751-827A-7EB5E23178B6}.SingleImage|Any CPU.ActiveCfg = SingleImage
		{70696172-7A89-4751-827A-7EB5E23178B6}.SingleImage|Any CPU.Build.0 = SingleImage
		{17298EA0-AF73-4F30-B6F1-2066100D7D74}.CD_ROM|Any CPU.ActiveCfg = Release|Any CPU
		{17298EA0-AF73-4F30-B6F1-2066100D7D74}.CD_ROM|Any CPU.Build.0 = Release|Any CPU
		{17298EA0-AF73-4F30-B6F1-2066100D7D74}.Debug|Any CPU.ActiveCfg = Debug|Any CPU
		{17298EA0-AF73-4F30-B6F1-2066100D7D74}.Debug|Any CPU.Build.0 = Debug|Any CPU
		{17298EA0-AF73-4F30-B6F1-2066100D7D74}.DVD-5|Any CPU.ActiveCfg = Debug|Any CPU
		{17298EA0-AF73-4F30-B6F1-2066100D7D74}.DVD-5|Any CPU.Build.0 = Debug|Any CPU
		{17298EA0-AF73-4F30-B6F1-2066100D7D74}.Release|Any CPU.ActiveCfg = Release|Any CPU
		{17298EA0-AF73-4F30-B6F1-2066100D7D74}.Release|Any CPU.Build.0 = Release|Any CPU
		{17298EA0-AF73-4F30-B6F1-2066100D7D74}.SingleImage|Any CPU.ActiveCfg = Release|Any CPU
		{17298EA0-AF73-4F30-B6F1-2066100D7D74}.SingleImage|Any CPU.Build.0 = Release|Any CPU
		{5EB52D3D-09FD-463A-B02A-8D9856BD3724}.CD_ROM|Any CPU.ActiveCfg = Release|Any CPU
		{5EB52D3D-09FD-463A-B02A-8D9856BD3724}.CD_ROM|Any CPU.Build.0 = Release|Any CPU
		{5EB52D3D-09FD-463A-B02A-8D9856BD3724}.Debug|Any CPU.ActiveCfg = Debug|Any CPU
		{5EB52D3D-09FD-463A-B02A-8D9856BD3724}.Debug|Any CPU.Build.0 = Debug|Any CPU
		{5EB52D3D-09FD-463A-B02A-8D9856BD3724}.DVD-5|Any CPU.ActiveCfg = Debug|Any CPU
		{5EB52D3D-09FD-463A-B02A-8D9856BD3724}.DVD-5|Any CPU.Build.0 = Debug|Any CPU
		{5EB52D3D-09FD-463A-B02A-8D9856BD3724}.Release|Any CPU.ActiveCfg = Release|Any CPU
		{5EB52D3D-09FD-463A-B02A-8D9856BD3724}.Release|Any CPU.Build.0 = Release|Any CPU
		{5EB52D3D-09FD-463A-B02A-8D9856BD3724}.SingleImage|Any CPU.ActiveCfg = Release|Any CPU
		{5EB52D3D-09FD-463A-B02A-8D9856BD3724}.SingleImage|Any CPU.Build.0 = Release|Any CPU
		{E3DBB7F7-406D-4AE6-AD0A-59BF69DF536F}.CD_ROM|Any CPU.ActiveCfg = Release|Any CPU
		{E3DBB7F7-406D-4AE6-AD0A-59BF69DF536F}.CD_ROM|Any CPU.Build.0 = Release|Any CPU
		{E3DBB7F7-406D-4AE6-AD0A-59BF69DF536F}.Debug|Any CPU.ActiveCfg = Debug|Any CPU
		{E3DBB7F7-406D-4AE6-AD0A-59BF69DF536F}.Debug|Any CPU.Build.0 = Debug|Any CPU
		{E3DBB7F7-406D-4AE6-AD0A-59BF69DF536F}.DVD-5|Any CPU.ActiveCfg = Debug|Any CPU
		{E3DBB7F7-406D-4AE6-AD0A-59BF69DF536F}.DVD-5|Any CPU.Build.0 = Debug|Any CPU
		{E3DBB7F7-406D-4AE6-AD0A-59BF69DF536F}.Release|Any CPU.ActiveCfg = Release|Any CPU
		{E3DBB7F7-406D-4AE6-AD0A-59BF69DF536F}.Release|Any CPU.Build.0 = Release|Any CPU
		{E3DBB7F7-406D-4AE6-AD0A-59BF69DF536F}.SingleImage|Any CPU.ActiveCfg = Release|Any CPU
		{E3DBB7F7-406D-4AE6-AD0A-59BF69DF536F}.SingleImage|Any CPU.Build.0 = Release|Any CPU
		{308C26DC-2F9E-47E9-8A60-9D3FE132D67F}.CD_ROM|Any CPU.ActiveCfg = Release|Any CPU
		{308C26DC-2F9E-47E9-8A60-9D3FE132D67F}.CD_ROM|Any CPU.Build.0 = Release|Any CPU
		{308C26DC-2F9E-47E9-8A60-9D3FE132D67F}.Debug|Any CPU.ActiveCfg = Debug|Any CPU
		{308C26DC-2F9E-47E9-8A60-9D3FE132D67F}.Debug|Any CPU.Build.0 = Debug|Any CPU
		{308C26DC-2F9E-47E9-8A60-9D3FE132D67F}.DVD-5|Any CPU.ActiveCfg = Debug|Any CPU
		{308C26DC-2F9E-47E9-8A60-9D3FE132D67F}.DVD-5|Any CPU.Build.0 = Debug|Any CPU
		{308C26DC-2F9E-47E9-8A60-9D3FE132D67F}.Release|Any CPU.ActiveCfg = Release|Any CPU
		{308C26DC-2F9E-47E9-8A60-9D3FE132D67F}.Release|Any CPU.Build.0 = Release|Any CPU
		{308C26DC-2F9E-47E9-8A60-9D3FE132D67F}.SingleImage|Any CPU.ActiveCfg = Release|Any CPU
		{308C26DC-2F9E-47E9-8A60-9D3FE132D67F}.SingleImage|Any CPU.Build.0 = Release|Any CPU
		{A1AB4C91-08D2-430D-ADB0-3CBC28454303}.CD_ROM|Any CPU.ActiveCfg = Release|Any CPU
		{A1AB4C91-08D2-430D-ADB0-3CBC28454303}.CD_ROM|Any CPU.Build.0 = Release|Any CPU
		{A1AB4C91-08D2-430D-ADB0-3CBC28454303}.Debug|Any CPU.ActiveCfg = Debug|Any CPU
		{A1AB4C91-08D2-430D-ADB0-3CBC28454303}.Debug|Any CPU.Build.0 = Debug|Any CPU
		{A1AB4C91-08D2-430D-ADB0-3CBC28454303}.DVD-5|Any CPU.ActiveCfg = Debug|Any CPU
		{A1AB4C91-08D2-430D-ADB0-3CBC28454303}.DVD-5|Any CPU.Build.0 = Debug|Any CPU
		{A1AB4C91-08D2-430D-ADB0-3CBC28454303}.Release|Any CPU.ActiveCfg = Release|Any CPU
		{A1AB4C91-08D2-430D-ADB0-3CBC28454303}.Release|Any CPU.Build.0 = Release|Any CPU
		{A1AB4C91-08D2-430D-ADB0-3CBC28454303}.SingleImage|Any CPU.ActiveCfg = Release|Any CPU
		{A1AB4C91-08D2-430D-ADB0-3CBC28454303}.SingleImage|Any CPU.Build.0 = Release|Any CPU
		{D988AD75-30E5-4CAE-AE31-534B2E4B3E65}.CD_ROM|Any CPU.ActiveCfg = Release|Any CPU
		{D988AD75-30E5-4CAE-AE31-534B2E4B3E65}.CD_ROM|Any CPU.Build.0 = Release|Any CPU
		{D988AD75-30E5-4CAE-AE31-534B2E4B3E65}.Debug|Any CPU.ActiveCfg = Debug|Any CPU
		{D988AD75-30E5-4CAE-AE31-534B2E4B3E65}.Debug|Any CPU.Build.0 = Debug|Any CPU
		{D988AD75-30E5-4CAE-AE31-534B2E4B3E65}.DVD-5|Any CPU.ActiveCfg = Debug|Any CPU
		{D988AD75-30E5-4CAE-AE31-534B2E4B3E65}.DVD-5|Any CPU.Build.0 = Debug|Any CPU
		{D988AD75-30E5-4CAE-AE31-534B2E4B3E65}.Release|Any CPU.ActiveCfg = Release|Any CPU
		{D988AD75-30E5-4CAE-AE31-534B2E4B3E65}.Release|Any CPU.Build.0 = Release|Any CPU
		{D988AD75-30E5-4CAE-AE31-534B2E4B3E65}.SingleImage|Any CPU.ActiveCfg = Release|Any CPU
		{D988AD75-30E5-4CAE-AE31-534B2E4B3E65}.SingleImage|Any CPU.Build.0 = Release|Any CPU
		{C8964E98-8ADD-4A67-9744-E8F9C13F9102}.CD_ROM|Any CPU.ActiveCfg = Release|Any CPU
		{C8964E98-8ADD-4A67-9744-E8F9C13F9102}.CD_ROM|Any CPU.Build.0 = Release|Any CPU
		{C8964E98-8ADD-4A67-9744-E8F9C13F9102}.Debug|Any CPU.ActiveCfg = Debug|Any CPU
		{C8964E98-8ADD-4A67-9744-E8F9C13F9102}.Debug|Any CPU.Build.0 = Debug|Any CPU
		{C8964E98-8ADD-4A67-9744-E8F9C13F9102}.DVD-5|Any CPU.ActiveCfg = Debug|Any CPU
		{C8964E98-8ADD-4A67-9744-E8F9C13F9102}.DVD-5|Any CPU.Build.0 = Debug|Any CPU
		{C8964E98-8ADD-4A67-9744-E8F9C13F9102}.Release|Any CPU.ActiveCfg = Release|Any CPU
		{C8964E98-8ADD-4A67-9744-E8F9C13F9102}.Release|Any CPU.Build.0 = Release|Any CPU
		{C8964E98-8ADD-4A67-9744-E8F9C13F9102}.SingleImage|Any CPU.ActiveCfg = Release|Any CPU
		{C8964E98-8ADD-4A67-9744-E8F9C13F9102}.SingleImage|Any CPU.Build.0 = Release|Any CPU
		{D30D964B-3A26-445D-80F2-D94BD4C60F3D}.CD_ROM|Any CPU.ActiveCfg = Release|Any CPU
		{D30D964B-3A26-445D-80F2-D94BD4C60F3D}.CD_ROM|Any CPU.Build.0 = Release|Any CPU
		{D30D964B-3A26-445D-80F2-D94BD4C60F3D}.Debug|Any CPU.ActiveCfg = Debug|Any CPU
		{D30D964B-3A26-445D-80F2-D94BD4C60F3D}.Debug|Any CPU.Build.0 = Debug|Any CPU
		{D30D964B-3A26-445D-80F2-D94BD4C60F3D}.DVD-5|Any CPU.ActiveCfg = Debug|Any CPU
		{D30D964B-3A26-445D-80F2-D94BD4C60F3D}.DVD-5|Any CPU.Build.0 = Debug|Any CPU
		{D30D964B-3A26-445D-80F2-D94BD4C60F3D}.Release|Any CPU.ActiveCfg = Release|Any CPU
		{D30D964B-3A26-445D-80F2-D94BD4C60F3D}.Release|Any CPU.Build.0 = Release|Any CPU
		{D30D964B-3A26-445D-80F2-D94BD4C60F3D}.SingleImage|Any CPU.ActiveCfg = Release|Any CPU
		{D30D964B-3A26-445D-80F2-D94BD4C60F3D}.SingleImage|Any CPU.Build.0 = Release|Any CPU
	EndGlobalSection
	GlobalSection(SolutionProperties) = preSolution
		HideSolutionNode = FALSE
	EndGlobalSection
	GlobalSection(NestedProjects) = preSolution
		{E80B7813-1537-4E92-856F-5B7DF722D0E6} = {84E90400-93CC-4F48-A2FB-3094994F9D01}
		{F42F90FE-45C7-451D-9E88-FBF53DF7ADA0} = {E80B7813-1537-4E92-856F-5B7DF722D0E6}
		{93C957CB-D9BF-4AF9-98F0-CA4FC91C2DA3} = {E80B7813-1537-4E92-856F-5B7DF722D0E6}
		{732B3834-F3A3-498F-B4DF-C42229FCAA71} = {E80B7813-1537-4E92-856F-5B7DF722D0E6}
		{15F78207-1C4E-4742-A5E2-5D1E65C0D145} = {E80B7813-1537-4E92-856F-5B7DF722D0E6}
		{70696172-7A89-4751-827A-7EB5E23178B6} = {84E90400-93CC-4F48-A2FB-3094994F9D01}
		{17298EA0-AF73-4F30-B6F1-2066100D7D74} = {4A3F374D-F374-4157-8988-860B4DA07241}
		{5EB52D3D-09FD-463A-B02A-8D9856BD3724} = {4A3F374D-F374-4157-8988-860B4DA07241}
		{E3DBB7F7-406D-4AE6-AD0A-59BF69DF536F} = {4A3F374D-F374-4157-8988-860B4DA07241}
		{308C26DC-2F9E-47E9-8A60-9D3FE132D67F} = {BCAB0934-9910-44ED-B3D5-5062526C1C6C}
		{A1AB4C91-08D2-430D-ADB0-3CBC28454303} = {7C44FA92-472E-457B-9BA3-7AF21EEFFF92}
		{D988AD75-30E5-4CAE-AE31-534B2E4B3E65} = {7C44FA92-472E-457B-9BA3-7AF21EEFFF92}
		{C8964E98-8ADD-4A67-9744-E8F9C13F9102} = {7C44FA92-472E-457B-9BA3-7AF21EEFFF92}
		{D30D964B-3A26-445D-80F2-D94BD4C60F3D} = {8BB5FE00-D180-460A-BE95-6F05DA987ECB}
	EndGlobalSection
EndGlobal
